// !$*UTF8*$!
{
	archiveVersion = 1;
	classes = {
	};
	objectVersion = 55;
	objects = {

/* Begin PBXBuildFile section */
		9B8256B82997859300C07487 /* MapAlertViewController.swift in Sources */ = {isa = PBXBuildFile; fileRef = 9B8256B72997859300C07487 /* MapAlertViewController.swift */; };
		9B8256BA29978D4A00C07487 /* MapKitViewController.swift in Sources */ = {isa = PBXBuildFile; fileRef = 9B8256B929978D4A00C07487 /* MapKitViewController.swift */; };
		9B8256BE29978E4000C07487 /* note.png in Resources */ = {isa = PBXBuildFile; fileRef = 9B8256BC29978E4000C07487 /* note.png */; };
		9B8256BF29978E4000C07487 /* rating5@2x.png in Resources */ = {isa = PBXBuildFile; fileRef = 9B8256BD29978E4000C07487 /* rating5@2x.png */; };
		9B8256C129978E6100C07487 /* ImageViewController.swift in Sources */ = {isa = PBXBuildFile; fileRef = 9B8256C029978E6100C07487 /* ImageViewController.swift */; };
		9B8256C32997928000C07487 /* ControlViewController.swift in Sources */ = {isa = PBXBuildFile; fileRef = 9B8256C22997928000C07487 /* ControlViewController.swift */; };
		9B8256C52997A89B00C07487 /* ListTableViewController.swift in Sources */ = {isa = PBXBuildFile; fileRef = 9B8256C42997A89B00C07487 /* ListTableViewController.swift */; };
		9BBEA29A29977DE600758983 /* AppDelegate.swift in Sources */ = {isa = PBXBuildFile; fileRef = 9BBEA29929977DE600758983 /* AppDelegate.swift */; };
		9BBEA29C29977DE600758983 /* SceneDelegate.swift in Sources */ = {isa = PBXBuildFile; fileRef = 9BBEA29B29977DE600758983 /* SceneDelegate.swift */; };
		9BBEA29E29977DE600758983 /* ViewController.swift in Sources */ = {isa = PBXBuildFile; fileRef = 9BBEA29D29977DE600758983 /* ViewController.swift */; };
		9BBEA2A129977DE600758983 /* Main.storyboard in Resources */ = {isa = PBXBuildFile; fileRef = 9BBEA29F29977DE600758983 /* Main.storyboard */; };
		9BBEA2A329977DE700758983 /* Assets.xcassets in Resources */ = {isa = PBXBuildFile; fileRef = 9BBEA2A229977DE700758983 /* Assets.xcassets */; };
		9BBEA2A629977DE700758983 /* LaunchScreen.storyboard in Resources */ = {isa = PBXBuildFile; fileRef = 9BBEA2A429977DE700758983 /* LaunchScreen.storyboard */; };
/* End PBXBuildFile section */

/* Begin PBXFileReference section */
		9B8256B72997859300C07487 /* MapAlertViewController.swift */ = {isa = PBXFileReference; lastKnownFileType = sourcecode.swift; path = MapAlertViewController.swift; sourceTree = "<group>"; };
		9B8256B929978D4A00C07487 /* MapKitViewController.swift */ = {isa = PBXFileReference; lastKnownFileType = sourcecode.swift; path = MapKitViewController.swift; sourceTree = "<group>"; };
		9B8256BC29978E4000C07487 /* note.png */ = {isa = PBXFileReference; lastKnownFileType = image.png; path = note.png; sourceTree = "<group>"; };
		9B8256BD29978E4000C07487 /* rating5@2x.png */ = {isa = PBXFileReference; lastKnownFileType = image.png; path = "rating5@2x.png"; sourceTree = "<group>"; };
		9B8256C029978E6100C07487 /* ImageViewController.swift */ = {isa = PBXFileReference; lastKnownFileType = sourcecode.swift; path = ImageViewController.swift; sourceTree = "<group>"; };
		9B8256C22997928000C07487 /* ControlViewController.swift */ = {isa = PBXFileReference; lastKnownFileType = sourcecode.swift; path = ControlViewController.swift; sourceTree = "<group>"; };
		9B8256C42997A89B00C07487 /* ListTableViewController.swift */ = {isa = PBXFileReference; lastKnownFileType = sourcecode.swift; path = ListTableViewController.swift; sourceTree = "<group>"; };
		9BBEA29629977DE600758983 /* Chapter03-Alert.app */ = {isa = PBXFileReference; explicitFileType = wrapper.application; includeInIndex = 0; path = "Chapter03-Alert.app"; sourceTree = BUILT_PRODUCTS_DIR; };
		9BBEA29929977DE600758983 /* AppDelegate.swift */ = {isa = PBXFileReference; lastKnownFileType = sourcecode.swift; path = AppDelegate.swift; sourceTree = "<group>"; };
		9BBEA29B29977DE600758983 /* SceneDelegate.swift */ = {isa = PBXFileReference; lastKnownFileType = sourcecode.swift; path = SceneDelegate.swift; sourceTree = "<group>"; };
		9BBEA29D29977DE600758983 /* ViewController.swift */ = {isa = PBXFileReference; lastKnownFileType = sourcecode.swift; path = ViewController.swift; sourceTree = "<group>"; };
		9BBEA2A029977DE600758983 /* Base */ = {isa = PBXFileReference; lastKnownFileType = file.storyboard; name = Base; path = Base.lproj/Main.storyboard; sourceTree = "<group>"; };
		9BBEA2A229977DE700758983 /* Assets.xcassets */ = {isa = PBXFileReference; lastKnownFileType = folder.assetcatalog; path = Assets.xcassets; sourceTree = "<group>"; };
		9BBEA2A529977DE700758983 /* Base */ = {isa = PBXFileReference; lastKnownFileType = file.storyboard; name = Base; path = Base.lproj/LaunchScreen.storyboard; sourceTree = "<group>"; };
		9BBEA2A729977DE700758983 /* Info.plist */ = {isa = PBXFileReference; lastKnownFileType = text.plist.xml; path = Info.plist; sourceTree = "<group>"; };
/* End PBXFileReference section */

/* Begin PBXFrameworksBuildPhase section */
		9BBEA29329977DE600758983 /* Frameworks */ = {
			isa = PBXFrameworksBuildPhase;
			buildActionMask = 2147483647;
			files = (
			);
			runOnlyForDeploymentPostprocessing = 0;
		};
/* End PBXFrameworksBuildPhase section */

/* Begin PBXGroup section */
		9B8256BB29978E3400C07487 /* Resources */ = {
			isa = PBXGroup;
			children = (
				9B8256BC29978E4000C07487 /* note.png */,
				9B8256BD29978E4000C07487 /* rating5@2x.png */,
			);
			path = Resources;
			sourceTree = "<group>";
		};
		9BBEA28D29977DE600758983 = {
			isa = PBXGroup;
			children = (
				9B8256BB29978E3400C07487 /* Resources */,
				9BBEA29829977DE600758983 /* Chapter03-Alert */,
				9BBEA29729977DE600758983 /* Products */,
			);
			sourceTree = "<group>";
		};
		9BBEA29729977DE600758983 /* Products */ = {
			isa = PBXGroup;
			children = (
				9BBEA29629977DE600758983 /* Chapter03-Alert.app */,
			);
			name = Products;
			sourceTree = "<group>";
		};
		9BBEA29829977DE600758983 /* Chapter03-Alert */ = {
			isa = PBXGroup;
			children = (
				9BBEA29929977DE600758983 /* AppDelegate.swift */,
				9BBEA29B29977DE600758983 /* SceneDelegate.swift */,
				9BBEA29D29977DE600758983 /* ViewController.swift */,
				9B8256B72997859300C07487 /* MapAlertViewController.swift */,
				9B8256C42997A89B00C07487 /* ListTableViewController.swift */,
				9B8256C029978E6100C07487 /* ImageViewController.swift */,
				9B8256C22997928000C07487 /* ControlViewController.swift */,
				9B8256B929978D4A00C07487 /* MapKitViewController.swift */,
				9BBEA29F29977DE600758983 /* Main.storyboard */,
				9BBEA2A229977DE700758983 /* Assets.xcassets */,
				9BBEA2A429977DE700758983 /* LaunchScreen.storyboard */,
				9BBEA2A729977DE700758983 /* Info.plist */,
			);
			path = "Chapter03-Alert";
			sourceTree = "<group>";
		};
/* End PBXGroup section */

/* Begin PBXNativeTarget section */
		9BBEA29529977DE600758983 /* Chapter03-Alert */ = {
			isa = PBXNativeTarget;
			buildConfigurationList = 9BBEA2AA29977DE700758983 /* Build configuration list for PBXNativeTarget "Chapter03-Alert" */;
			buildPhases = (
				9BBEA29229977DE600758983 /* Sources */,
				9BBEA29329977DE600758983 /* Frameworks */,
				9BBEA29429977DE600758983 /* Resources */,
			);
			buildRules = (
			);
			dependencies = (
			);
			name = "Chapter03-Alert";
			productName = "Chapter03-Alert";
			productReference = 9BBEA29629977DE600758983 /* Chapter03-Alert.app */;
			productType = "com.apple.product-type.application";
		};
/* End PBXNativeTarget section */

/* Begin PBXProject section */
		9BBEA28E29977DE600758983 /* Project object */ = {
			isa = PBXProject;
			attributes = {
				BuildIndependentTargetsInParallel = 1;
				LastSwiftUpdateCheck = 1340;
				LastUpgradeCheck = 1340;
				TargetAttributes = {
					9BBEA29529977DE600758983 = {
						CreatedOnToolsVersion = 13.4.1;
					};
				};
			};
			buildConfigurationList = 9BBEA29129977DE600758983 /* Build configuration list for PBXProject "Chapter03-Alert" */;
			compatibilityVersion = "Xcode 13.0";
			developmentRegion = en;
			hasScannedForEncodings = 0;
			knownRegions = (
				en,
				Base,
			);
			mainGroup = 9BBEA28D29977DE600758983;
			productRefGroup = 9BBEA29729977DE600758983 /* Products */;
			projectDirPath = "";
			projectRoot = "";
			targets = (
				9BBEA29529977DE600758983 /* Chapter03-Alert */,
			);
		};
/* End PBXProject section */

/* Begin PBXResourcesBuildPhase section */
		9BBEA29429977DE600758983 /* Resources */ = {
			isa = PBXResourcesBuildPhase;
			buildActionMask = 2147483647;
			files = (
				9B8256BF29978E4000C07487 /* rating5@2x.png in Resources */,
				9BBEA2A629977DE700758983 /* LaunchScreen.storyboard in Resources */,
				9B8256BE29978E4000C07487 /* note.png in Resources */,
				9BBEA2A329977DE700758983 /* Assets.xcassets in Resources */,
				9BBEA2A129977DE600758983 /* Main.storyboard in Resources */,
			);
			runOnlyForDeploymentPostprocessing = 0;
		};
/* End PBXResourcesBuildPhase section */

/* Begin PBXSourcesBuildPhase section */
		9BBEA29229977DE600758983 /* Sources */ = {
			isa = PBXSourcesBuildPhase;
			buildActionMask = 2147483647;
			files = (
				9B8256B82997859300C07487 /* MapAlertViewController.swift in Sources */,
				9B8256BA29978D4A00C07487 /* MapKitViewController.swift in Sources */,
				9BBEA29E29977DE600758983 /* ViewController.swift in Sources */,
				9B8256C52997A89B00C07487 /* ListTableViewController.swift in Sources */,
				9BBEA29A29977DE600758983 /* AppDelegate.swift in Sources */,
				9B8256C129978E6100C07487 /* ImageViewController.swift in Sources */,
				9BBEA29C29977DE600758983 /* SceneDelegate.swift in Sources */,
				9B8256C32997928000C07487 /* ControlViewController.swift in Sources */,
			);
			runOnlyForDeploymentPostprocessing = 0;
		};
/* End PBXSourcesBuildPhase section */

/* Begin PBXVariantGroup section */
		9BBEA29F29977DE600758983 /* Main.storyboard */ = {
			isa = PBXVariantGroup;
			children = (
				9BBEA2A029977DE600758983 /* Base */,
			);
			name = Main.storyboard;
			sourceTree = "<group>";
		};
		9BBEA2A429977DE700758983 /* LaunchScreen.storyboard */ = {
			isa = PBXVariantGroup;
			children = (
				9BBEA2A529977DE700758983 /* Base */,
			);
			name = LaunchScreen.storyboard;
			sourceTree = "<group>";
		};
/* End PBXVariantGroup section */

/* Begin XCBuildConfiguration section */
		9BBEA2A829977DE700758983 /* Debug */ = {
			isa = XCBuildConfiguration;
			buildSettings = {
				ALWAYS_SEARCH_USER_PATHS = NO;
				CLANG_ANALYZER_NONNULL = YES;
				CLANG_ANALYZER_NUMBER_OBJECT_CONVERSION = YES_AGGRESSIVE;
				CLANG_CXX_LANGUAGE_STANDARD = "gnu++17";
				CLANG_ENABLE_MODULES = YES;
				CLANG_ENABLE_OBJC_ARC = YES;
				CLANG_ENABLE_OBJC_WEAK = YES;
				CLANG_WARN_BLOCK_CAPTURE_AUTORELEASING = YES;
				CLANG_WARN_BOOL_CONVERSION = YES;
				CLANG_WARN_COMMA = YES;
				CLANG_WARN_CONSTANT_CONVERSION = YES;
				CLANG_WARN_DEPRECATED_OBJC_IMPLEMENTATIONS = YES;
				CLANG_WARN_DIRECT_OBJC_ISA_USAGE = YES_ERROR;
				CLANG_WARN_DOCUMENTATION_COMMENTS = YES;
				CLANG_WARN_EMPTY_BODY = YES;
				CLANG_WARN_ENUM_CONVERSION = YES;
				CLANG_WARN_INFINITE_RECURSION = YES;
				CLANG_WARN_INT_CONVERSION = YES;
				CLANG_WARN_NON_LITERAL_NULL_CONVERSION = YES;
				CLANG_WARN_OBJC_IMPLICIT_RETAIN_SELF = YES;
				CLANG_WARN_OBJC_LITERAL_CONVERSION = YES;
				CLANG_WARN_OBJC_ROOT_CLASS = YES_ERROR;
				CLANG_WARN_QUOTED_INCLUDE_IN_FRAMEWORK_HEADER = YES;
				CLANG_WARN_RANGE_LOOP_ANALYSIS = YES;
				CLANG_WARN_STRICT_PROTOTYPES = YES;
				CLANG_WARN_SUSPICIOUS_MOVE = YES;
				CLANG_WARN_UNGUARDED_AVAILABILITY = YES_AGGRESSIVE;
				CLANG_WARN_UNREACHABLE_CODE = YES;
				CLANG_WARN__DUPLICATE_METHOD_MATCH = YES;
				COPY_PHASE_STRIP = NO;
				DEBUG_INFORMATION_FORMAT = dwarf;
				ENABLE_STRICT_OBJC_MSGSEND = YES;
				ENABLE_TESTABILITY = YES;
				GCC_C_LANGUAGE_STANDARD = gnu11;
				GCC_DYNAMIC_NO_PIC = NO;
				GCC_NO_COMMON_BLOCKS = YES;
				GCC_OPTIMIZATION_LEVEL = 0;
				GCC_PREPROCESSOR_DEFINITIONS = (
					"DEBUG=1",
					"$(inherited)",
				);
				GCC_WARN_64_TO_32_BIT_CONVERSION = YES;
				GCC_WARN_ABOUT_RETURN_TYPE = YES_ERROR;
				GCC_WARN_UNDECLARED_SELECTOR = YES;
				GCC_WARN_UNINITIALIZED_AUTOS = YES_AGGRESSIVE;
				GCC_WARN_UNUSED_FUNCTION = YES;
				GCC_WARN_UNUSED_VARIABLE = YES;
				IPHONEOS_DEPLOYMENT_TARGET = 15.5;
				MTL_ENABLE_DEBUG_INFO = INCLUDE_SOURCE;
				MTL_FAST_MATH = YES;
				ONLY_ACTIVE_ARCH = YES;
				SDKROOT = iphoneos;
				SWIFT_ACTIVE_COMPILATION_CONDITIONS = DEBUG;
				SWIFT_OPTIMIZATION_LEVEL = "-Onone";
			};
			name = Debug;
		};
		9BBEA2A929977DE700758983 /* Release */ = {
			isa = XCBuildConfiguration;
			buildSettings = {
				ALWAYS_SEARCH_USER_PATHS = NO;
				CLANG_ANALYZER_NONNULL = YES;
				CLANG_ANALYZER_NUMBER_OBJECT_CONVERSION = YES_AGGRESSIVE;
				CLANG_CXX_LANGUAGE_STANDARD = "gnu++17";
				CLANG_ENABLE_MODULES = YES;
				CLANG_ENABLE_OBJC_ARC = YES;
				CLANG_ENABLE_OBJC_WEAK = YES;
				CLANG_WARN_BLOCK_CAPTURE_AUTORELEASING = YES;
				CLANG_WARN_BOOL_CONVERSION = YES;
				CLANG_WARN_COMMA = YES;
				CLANG_WARN_CONSTANT_CONVERSION = YES;
				CLANG_WARN_DEPRECATED_OBJC_IMPLEMENTATIONS = YES;
				CLANG_WARN_DIRECT_OBJC_ISA_USAGE = YES_ERROR;
				CLANG_WARN_DOCUMENTATION_COMMENTS = YES;
				CLANG_WARN_EMPTY_BODY = YES;
				CLANG_WARN_ENUM_CONVERSION = YES;
				CLANG_WARN_INFINITE_RECURSION = YES;
				CLANG_WARN_INT_CONVERSION = YES;
				CLANG_WARN_NON_LITERAL_NULL_CONVERSION = YES;
				CLANG_WARN_OBJC_IMPLICIT_RETAIN_SELF = YES;
				CLANG_WARN_OBJC_LITERAL_CONVERSION = YES;
				CLANG_WARN_OBJC_ROOT_CLASS = YES_ERROR;
				CLANG_WARN_QUOTED_INCLUDE_IN_FRAMEWORK_HEADER = YES;
				CLANG_WARN_RANGE_LOOP_ANALYSIS = YES;
				CLANG_WARN_STRICT_PROTOTYPES = YES;
				CLANG_WARN_SUSPICIOUS_MOVE = YES;
				CLANG_WARN_UNGUARDED_AVAILABILITY = YES_AGGRESSIVE;
				CLANG_WARN_UNREACHABLE_CODE = YES;
				CLANG_WARN__DUPLICATE_METHOD_MATCH = YES;
				COPY_PHASE_STRIP = NO;
				DEBUG_INFORMATION_FORMAT = "dwarf-with-dsym";
				ENABLE_NS_ASSERTIONS = NO;
				ENABLE_STRICT_OBJC_MSGSEND = YES;
				GCC_C_LANGUAGE_STANDARD = gnu11;
				GCC_NO_COMMON_BLOCKS = YES;
				GCC_WARN_64_TO_32_BIT_CONVERSION = YES;
				GCC_WARN_ABOUT_RETURN_TYPE = YES_ERROR;
				GCC_WARN_UNDECLARED_SELECTOR = YES;
				GCC_WARN_UNINITIALIZED_AUTOS = YES_AGGRESSIVE;
				GCC_WARN_UNUSED_FUNCTION = YES;
				GCC_WARN_UNUSED_VARIABLE = YES;
				IPHONEOS_DEPLOYMENT_TARGET = 15.5;
				MTL_ENABLE_DEBUG_INFO = NO;
				MTL_FAST_MATH = YES;
				SDKROOT = iphoneos;
				SWIFT_COMPILATION_MODE = wholemodule;
				SWIFT_OPTIMIZATION_LEVEL = "-O";
				VALIDATE_PRODUCT = YES;
			};
			name = Release;
		};
		9BBEA2AB29977DE700758983 /* Debug */ = {
			isa = XCBuildConfiguration;
			buildSettings = {
				ASSETCATALOG_COMPILER_APPICON_NAME = AppIcon;
				ASSETCATALOG_COMPILER_GLOBAL_ACCENT_COLOR_NAME = AccentColor;
				CODE_SIGN_STYLE = Automatic;
				CURRENT_PROJECT_VERSION = 1;
				GENERATE_INFOPLIST_FILE = YES;
				INFOPLIST_FILE = "Chapter03-Alert/Info.plist";
				INFOPLIST_KEY_UIApplicationSupportsIndirectInputEvents = YES;
				INFOPLIST_KEY_UILaunchStoryboardName = LaunchScreen;
				INFOPLIST_KEY_UIMainStoryboardFile = Main;
				INFOPLIST_KEY_UISupportedInterfaceOrientations_iPad = "UIInterfaceOrientationPortrait UIInterfaceOrientationPortraitUpsideDown UIInterfaceOrientationLandscapeLeft UIInterfaceOrientationLandscapeRight";
				INFOPLIST_KEY_UISupportedInterfaceOrientations_iPhone = "UIInterfaceOrientationPortrait UIInterfaceOrientationLandscapeLeft UIInterfaceOrientationLandscapeRight";
				LD_RUNPATH_SEARCH_PATHS = (
					"$(inherited)",
					"@executable_path/Frameworks",
				);
				MARKETING_VERSION = 1.0;
				PRODUCT_BUNDLE_IDENTIFIER = "dlwnsgurz.Chapter03-Alert";
				PRODUCT_NAME = "$(TARGET_NAME)";
				SWIFT_EMIT_LOC_STRINGS = YES;
				SWIFT_VERSION = 5.0;
				TARGETED_DEVICE_FAMILY = "1,2";
			};
			name = Debug;
		};
		9BBEA2AC29977DE700758983 /* Release */ = {
			isa = XCBuildConfiguration;
			buildSettings = {
				ASSETCATALOG_COMPILER_APPICON_NAME = AppIcon;
				ASSETCATALOG_COMPILER_GLOBAL_ACCENT_COLOR_NAME = AccentColor;
				CODE_SIGN_STYLE = Automatic;
				CURRENT_PROJECT_VERSION = 1;
				GENERATE_INFOPLIST_FILE = YES;
				INFOPLIST_FILE = "Chapter03-Alert/Info.plist";
				INFOPLIST_KEY_UIApplicationSupportsIndirectInputEvents = YES;
				INFOPLIST_KEY_UILaunchStoryboardName = LaunchScreen;
				INFOPLIST_KEY_UIMainStoryboardFile = Main;
				INFOPLIST_KEY_UISupportedInterfaceOrientations_iPad = "UIInterfaceOrientationPortrait UIInterfaceOrientationPortraitUpsideDown UIInterfaceOrientationLandscapeLeft UIInterfaceOrientationLandscapeRight";
				INFOPLIST_KEY_UISupportedInterfaceOrientations_iPhone = "UIInterfaceOrientationPortrait UIInterfaceOrientationLandscapeLeft UIInterfaceOrientationLandscapeRight";
				LD_RUNPATH_SEARCH_PATHS = (
					"$(inherited)",
					"@executable_path/Frameworks",
				);
				MARKETING_VERSION = 1.0;
				PRODUCT_BUNDLE_IDENTIFIER = "dlwnsgurz.Chapter03-Alert";
				PRODUCT_NAME = "$(TARGET_NAME)";
				SWIFT_EMIT_LOC_STRINGS = YES;
				SWIFT_VERSION = 5.0;
				TARGETED_DEVICE_FAMILY = "1,2";
			};
			name = Release;
		};
/* End XCBuildConfiguration section */

/* Begin XCConfigurationList section */
		9BBEA29129977DE600758983 /* Build configuration list for PBXProject "Chapter03-Alert" */ = {
			isa = XCConfigurationList;
			buildConfigurations = (
				9BBEA2A829977DE700758983 /* Debug */,
				9BBEA2A929977DE700758983 /* Release */,
			);
			defaultConfigurationIsVisible = 0;
			defaultConfigurationName = Release;
		};
		9BBEA2AA29977DE700758983 /* Build configuration list for PBXNativeTarget "Chapter03-Alert" */ = {
			isa = XCConfigurationList;
			buildConfigurations = (
				9BBEA2AB29977DE700758983 /* Debug */,
				9BBEA2AC29977DE700758983 /* Release */,
			);
			defaultConfigurationIsVisible = 0;
			defaultConfigurationName = Release;
		};
/* End XCConfigurationList section */
	};
	rootObject = 9BBEA28E29977DE600758983 /* Project object */;
}
