// !$*UTF8*$!
{
	archiveVersion = 1;
	classes = {
	};
	objectVersion = 55;
	objects = {

/* Begin PBXBuildFile section */
		9B35727E299A5CD80009A366 /* AppDelegate.swift in Sources */ = {isa = PBXBuildFile; fileRef = 9B35727D299A5CD80009A366 /* AppDelegate.swift */; };
		9B357280299A5CD80009A366 /* SceneDelegate.swift in Sources */ = {isa = PBXBuildFile; fileRef = 9B35727F299A5CD80009A366 /* SceneDelegate.swift */; };
		9B357282299A5CD80009A366 /* ViewController.swift in Sources */ = {isa = PBXBuildFile; fileRef = 9B357281299A5CD80009A366 /* ViewController.swift */; };
		9B357285299A5CD80009A366 /* Main.storyboard in Resources */ = {isa = PBXBuildFile; fileRef = 9B357283299A5CD80009A366 /* Main.storyboard */; };
		9B357287299A5CD90009A366 /* Assets.xcassets in Resources */ = {isa = PBXBuildFile; fileRef = 9B357286299A5CD90009A366 /* Assets.xcassets */; };
		9B35728A299A5CD90009A366 /* LaunchScreen.storyboard in Resources */ = {isa = PBXBuildFile; fileRef = 9B357288299A5CD90009A366 /* LaunchScreen.storyboard */; };
		9B3E7553299A5D9E00580EF1 /* icon05.png in Resources */ = {isa = PBXBuildFile; fileRef = 9B3E754D299A5D9E00580EF1 /* icon05.png */; };
		9B3E7554299A5D9E00580EF1 /* icon03.png in Resources */ = {isa = PBXBuildFile; fileRef = 9B3E754E299A5D9E00580EF1 /* icon03.png */; };
		9B3E7555299A5D9E00580EF1 /* icon01.png in Resources */ = {isa = PBXBuildFile; fileRef = 9B3E754F299A5D9E00580EF1 /* icon01.png */; };
		9B3E7556299A5D9E00580EF1 /* icon02.png in Resources */ = {isa = PBXBuildFile; fileRef = 9B3E7550299A5D9E00580EF1 /* icon02.png */; };
		9B3E7557299A5D9E00580EF1 /* icon04.png in Resources */ = {isa = PBXBuildFile; fileRef = 9B3E7551299A5D9E00580EF1 /* icon04.png */; };
		9B3E7558299A5D9E00580EF1 /* sidemenu.png in Resources */ = {isa = PBXBuildFile; fileRef = 9B3E7552299A5D9E00580EF1 /* sidemenu.png */; };
		9B3E755A299A5DCD00580EF1 /* RevealViewController.swift in Sources */ = {isa = PBXBuildFile; fileRef = 9B3E7559299A5DCC00580EF1 /* RevealViewController.swift */; };
		9B3E755C299A5DD300580EF1 /* FrontViewController.swift in Sources */ = {isa = PBXBuildFile; fileRef = 9B3E755B299A5DD300580EF1 /* FrontViewController.swift */; };
		9B3E755E299A5DDC00580EF1 /* SideBarViewController.swift in Sources */ = {isa = PBXBuildFile; fileRef = 9B3E755D299A5DDC00580EF1 /* SideBarViewController.swift */; };
/* End PBXBuildFile section */

/* Begin PBXFileReference section */
		9B35727A299A5CD80009A366 /* Chapter04-SideBarDIY.app */ = {isa = PBXFileReference; explicitFileType = wrapper.application; includeInIndex = 0; path = "Chapter04-SideBarDIY.app"; sourceTree = BUILT_PRODUCTS_DIR; };
		9B35727D299A5CD80009A366 /* AppDelegate.swift */ = {isa = PBXFileReference; lastKnownFileType = sourcecode.swift; path = AppDelegate.swift; sourceTree = "<group>"; };
		9B35727F299A5CD80009A366 /* SceneDelegate.swift */ = {isa = PBXFileReference; lastKnownFileType = sourcecode.swift; path = SceneDelegate.swift; sourceTree = "<group>"; };
		9B357281299A5CD80009A366 /* ViewController.swift */ = {isa = PBXFileReference; lastKnownFileType = sourcecode.swift; path = ViewController.swift; sourceTree = "<group>"; };
		9B357284299A5CD80009A366 /* Base */ = {isa = PBXFileReference; lastKnownFileType = file.storyboard; name = Base; path = Base.lproj/Main.storyboard; sourceTree = "<group>"; };
		9B357286299A5CD90009A366 /* Assets.xcassets */ = {isa = PBXFileReference; lastKnownFileType = folder.assetcatalog; path = Assets.xcassets; sourceTree = "<group>"; };
		9B357289299A5CD90009A366 /* Base */ = {isa = PBXFileReference; lastKnownFileType = file.storyboard; name = Base; path = Base.lproj/LaunchScreen.storyboard; sourceTree = "<group>"; };
		9B35728B299A5CD90009A366 /* Info.plist */ = {isa = PBXFileReference; lastKnownFileType = text.plist.xml; path = Info.plist; sourceTree = "<group>"; };
		9B3E754D299A5D9E00580EF1 /* icon05.png */ = {isa = PBXFileReference; lastKnownFileType = image.png; path = icon05.png; sourceTree = "<group>"; };
		9B3E754E299A5D9E00580EF1 /* icon03.png */ = {isa = PBXFileReference; lastKnownFileType = image.png; path = icon03.png; sourceTree = "<group>"; };
		9B3E754F299A5D9E00580EF1 /* icon01.png */ = {isa = PBXFileReference; lastKnownFileType = image.png; path = icon01.png; sourceTree = "<group>"; };
		9B3E7550299A5D9E00580EF1 /* icon02.png */ = {isa = PBXFileReference; lastKnownFileType = image.png; path = icon02.png; sourceTree = "<group>"; };
		9B3E7551299A5D9E00580EF1 /* icon04.png */ = {isa = PBXFileReference; lastKnownFileType = image.png; path = icon04.png; sourceTree = "<group>"; };
		9B3E7552299A5D9E00580EF1 /* sidemenu.png */ = {isa = PBXFileReference; lastKnownFileType = image.png; path = sidemenu.png; sourceTree = "<group>"; };
		9B3E7559299A5DCC00580EF1 /* RevealViewController.swift */ = {isa = PBXFileReference; lastKnownFileType = sourcecode.swift; path = RevealViewController.swift; sourceTree = "<group>"; };
		9B3E755B299A5DD300580EF1 /* FrontViewController.swift */ = {isa = PBXFileReference; lastKnownFileType = sourcecode.swift; path = FrontViewController.swift; sourceTree = "<group>"; };
		9B3E755D299A5DDC00580EF1 /* SideBarViewController.swift */ = {isa = PBXFileReference; lastKnownFileType = sourcecode.swift; path = SideBarViewController.swift; sourceTree = "<group>"; };
/* End PBXFileReference section */

/* Begin PBXFrameworksBuildPhase section */
		9B357277299A5CD80009A366 /* Frameworks */ = {
			isa = PBXFrameworksBuildPhase;
			buildActionMask = 2147483647;
			files = (
			);
			runOnlyForDeploymentPostprocessing = 0;
		};
/* End PBXFrameworksBuildPhase section */

/* Begin PBXGroup section */
		9B357271299A5CD80009A366 = {
			isa = PBXGroup;
			children = (
				9B3E754C299A5D8700580EF1 /* Resources */,
				9B35727C299A5CD80009A366 /* Chapter04-SideBarDIY */,
				9B35727B299A5CD80009A366 /* Products */,
			);
			sourceTree = "<group>";
		};
		9B35727B299A5CD80009A366 /* Products */ = {
			isa = PBXGroup;
			children = (
				9B35727A299A5CD80009A366 /* Chapter04-SideBarDIY.app */,
			);
			name = Products;
			sourceTree = "<group>";
		};
		9B35727C299A5CD80009A366 /* Chapter04-SideBarDIY */ = {
			isa = PBXGroup;
			children = (
				9B35727D299A5CD80009A366 /* AppDelegate.swift */,
				9B35727F299A5CD80009A366 /* SceneDelegate.swift */,
				9B357281299A5CD80009A366 /* ViewController.swift */,
				9B3E7559299A5DCC00580EF1 /* RevealViewController.swift */,
				9B357283299A5CD80009A366 /* Main.storyboard */,
				9B3E755B299A5DD300580EF1 /* FrontViewController.swift */,
				9B3E755D299A5DDC00580EF1 /* SideBarViewController.swift */,
				9B357286299A5CD90009A366 /* Assets.xcassets */,
				9B357288299A5CD90009A366 /* LaunchScreen.storyboard */,
				9B35728B299A5CD90009A366 /* Info.plist */,
			);
			path = "Chapter04-SideBarDIY";
			sourceTree = "<group>";
		};
		9B3E754C299A5D8700580EF1 /* Resources */ = {
			isa = PBXGroup;
			children = (
				9B3E754F299A5D9E00580EF1 /* icon01.png */,
				9B3E7550299A5D9E00580EF1 /* icon02.png */,
				9B3E754E299A5D9E00580EF1 /* icon03.png */,
				9B3E7551299A5D9E00580EF1 /* icon04.png */,
				9B3E754D299A5D9E00580EF1 /* icon05.png */,
				9B3E7552299A5D9E00580EF1 /* sidemenu.png */,
			);
			path = Resources;
			sourceTree = "<group>";
		};
/* End PBXGroup section */

/* Begin PBXNativeTarget section */
		9B357279299A5CD80009A366 /* Chapter04-SideBarDIY */ = {
			isa = PBXNativeTarget;
			buildConfigurationList = 9B35728E299A5CD90009A366 /* Build configuration list for PBXNativeTarget "Chapter04-SideBarDIY" */;
			buildPhases = (
				9B357276299A5CD80009A366 /* Sources */,
				9B357277299A5CD80009A366 /* Frameworks */,
				9B357278299A5CD80009A366 /* Resources */,
			);
			buildRules = (
			);
			dependencies = (
			);
			name = "Chapter04-SideBarDIY";
			productName = "Chapter04-SideBarDIY";
			productReference = 9B35727A299A5CD80009A366 /* Chapter04-SideBarDIY.app */;
			productType = "com.apple.product-type.application";
		};
/* End PBXNativeTarget section */

/* Begin PBXProject section */
		9B357272299A5CD80009A366 /* Project object */ = {
			isa = PBXProject;
			attributes = {
				BuildIndependentTargetsInParallel = 1;
				LastSwiftUpdateCheck = 1340;
				LastUpgradeCheck = 1340;
				TargetAttributes = {
					9B357279299A5CD80009A366 = {
						CreatedOnToolsVersion = 13.4.1;
					};
				};
			};
			buildConfigurationList = 9B357275299A5CD80009A366 /* Build configuration list for PBXProject "Chapter04-SideBarDIY" */;
			compatibilityVersion = "Xcode 13.0";
			developmentRegion = en;
			hasScannedForEncodings = 0;
			knownRegions = (
				en,
				Base,
			);
			mainGroup = 9B357271299A5CD80009A366;
			productRefGroup = 9B35727B299A5CD80009A366 /* Products */;
			projectDirPath = "";
			projectRoot = "";
			targets = (
				9B357279299A5CD80009A366 /* Chapter04-SideBarDIY */,
			);
		};
/* End PBXProject section */

/* Begin PBXResourcesBuildPhase section */
		9B357278299A5CD80009A366 /* Resources */ = {
			isa = PBXResourcesBuildPhase;
			buildActionMask = 2147483647;
			files = (
				9B35728A299A5CD90009A366 /* LaunchScreen.storyboard in Resources */,
				9B357287299A5CD90009A366 /* Assets.xcassets in Resources */,
				9B3E7557299A5D9E00580EF1 /* icon04.png in Resources */,
				9B3E7558299A5D9E00580EF1 /* sidemenu.png in Resources */,
				9B357285299A5CD80009A366 /* Main.storyboard in Resources */,
				9B3E7556299A5D9E00580EF1 /* icon02.png in Resources */,
				9B3E7553299A5D9E00580EF1 /* icon05.png in Resources */,
				9B3E7554299A5D9E00580EF1 /* icon03.png in Resources */,
				9B3E7555299A5D9E00580EF1 /* icon01.png in Resources */,
			);
			runOnlyForDeploymentPostprocessing = 0;
		};
/* End PBXResourcesBuildPhase section */

/* Begin PBXSourcesBuildPhase section */
		9B357276299A5CD80009A366 /* Sources */ = {
			isa = PBXSourcesBuildPhase;
			buildActionMask = 2147483647;
			files = (
				9B357282299A5CD80009A366 /* ViewController.swift in Sources */,
				9B3E755E299A5DDC00580EF1 /* SideBarViewController.swift in Sources */,
				9B35727E299A5CD80009A366 /* AppDelegate.swift in Sources */,
				9B3E755C299A5DD300580EF1 /* FrontViewController.swift in Sources */,
				9B357280299A5CD80009A366 /* SceneDelegate.swift in Sources */,
				9B3E755A299A5DCD00580EF1 /* RevealViewController.swift in Sources */,
			);
			runOnlyForDeploymentPostprocessing = 0;
		};
/* End PBXSourcesBuildPhase section */

/* Begin PBXVariantGroup section */
		9B357283299A5CD80009A366 /* Main.storyboard */ = {
			isa = PBXVariantGroup;
			children = (
				9B357284299A5CD80009A366 /* Base */,
			);
			name = Main.storyboard;
			sourceTree = "<group>";
		};
		9B357288299A5CD90009A366 /* LaunchScreen.storyboard */ = {
			isa = PBXVariantGroup;
			children = (
				9B357289299A5CD90009A366 /* Base */,
			);
			name = LaunchScreen.storyboard;
			sourceTree = "<group>";
		};
/* End PBXVariantGroup section */

/* Begin XCBuildConfiguration section */
		9B35728C299A5CD90009A366 /* Debug */ = {
			isa = XCBuildConfiguration;
			buildSettings = {
				ALWAYS_SEARCH_USER_PATHS = NO;
				CLANG_ANALYZER_NONNULL = YES;
				CLANG_ANALYZER_NUMBER_OBJECT_CONVERSION = YES_AGGRESSIVE;
				CLANG_CXX_LANGUAGE_STANDARD = "gnu++17";
				CLANG_ENABLE_MODULES = YES;
				CLANG_ENABLE_OBJC_ARC = YES;
				CLANG_ENABLE_OBJC_WEAK = YES;
				CLANG_WARN_BLOCK_CAPTURE_AUTORELEASING = YES;
				CLANG_WARN_BOOL_CONVERSION = YES;
				CLANG_WARN_COMMA = YES;
				CLANG_WARN_CONSTANT_CONVERSION = YES;
				CLANG_WARN_DEPRECATED_OBJC_IMPLEMENTATIONS = YES;
				CLANG_WARN_DIRECT_OBJC_ISA_USAGE = YES_ERROR;
				CLANG_WARN_DOCUMENTATION_COMMENTS = YES;
				CLANG_WARN_EMPTY_BODY = YES;
				CLANG_WARN_ENUM_CONVERSION = YES;
				CLANG_WARN_INFINITE_RECURSION = YES;
				CLANG_WARN_INT_CONVERSION = YES;
				CLANG_WARN_NON_LITERAL_NULL_CONVERSION = YES;
				CLANG_WARN_OBJC_IMPLICIT_RETAIN_SELF = YES;
				CLANG_WARN_OBJC_LITERAL_CONVERSION = YES;
				CLANG_WARN_OBJC_ROOT_CLASS = YES_ERROR;
				CLANG_WARN_QUOTED_INCLUDE_IN_FRAMEWORK_HEADER = YES;
				CLANG_WARN_RANGE_LOOP_ANALYSIS = YES;
				CLANG_WARN_STRICT_PROTOTYPES = YES;
				CLANG_WARN_SUSPICIOUS_MOVE = YES;
				CLANG_WARN_UNGUARDED_AVAILABILITY = YES_AGGRESSIVE;
				CLANG_WARN_UNREACHABLE_CODE = YES;
				CLANG_WARN__DUPLICATE_METHOD_MATCH = YES;
				COPY_PHASE_STRIP = NO;
				DEBUG_INFORMATION_FORMAT = dwarf;
				ENABLE_STRICT_OBJC_MSGSEND = YES;
				ENABLE_TESTABILITY = YES;
				GCC_C_LANGUAGE_STANDARD = gnu11;
				GCC_DYNAMIC_NO_PIC = NO;
				GCC_NO_COMMON_BLOCKS = YES;
				GCC_OPTIMIZATION_LEVEL = 0;
				GCC_PREPROCESSOR_DEFINITIONS = (
					"DEBUG=1",
					"$(inherited)",
				);
				GCC_WARN_64_TO_32_BIT_CONVERSION = YES;
				GCC_WARN_ABOUT_RETURN_TYPE = YES_ERROR;
				GCC_WARN_UNDECLARED_SELECTOR = YES;
				GCC_WARN_UNINITIALIZED_AUTOS = YES_AGGRESSIVE;
				GCC_WARN_UNUSED_FUNCTION = YES;
				GCC_WARN_UNUSED_VARIABLE = YES;
				IPHONEOS_DEPLOYMENT_TARGET = 15.5;
				MTL_ENABLE_DEBUG_INFO = INCLUDE_SOURCE;
				MTL_FAST_MATH = YES;
				ONLY_ACTIVE_ARCH = YES;
				SDKROOT = iphoneos;
				SWIFT_ACTIVE_COMPILATION_CONDITIONS = DEBUG;
				SWIFT_OPTIMIZATION_LEVEL = "-Onone";
			};
			name = Debug;
		};
		9B35728D299A5CD90009A366 /* Release */ = {
			isa = XCBuildConfiguration;
			buildSettings = {
				ALWAYS_SEARCH_USER_PATHS = NO;
				CLANG_ANALYZER_NONNULL = YES;
				CLANG_ANALYZER_NUMBER_OBJECT_CONVERSION = YES_AGGRESSIVE;
				CLANG_CXX_LANGUAGE_STANDARD = "gnu++17";
				CLANG_ENABLE_MODULES = YES;
				CLANG_ENABLE_OBJC_ARC = YES;
				CLANG_ENABLE_OBJC_WEAK = YES;
				CLANG_WARN_BLOCK_CAPTURE_AUTORELEASING = YES;
				CLANG_WARN_BOOL_CONVERSION = YES;
				CLANG_WARN_COMMA = YES;
				CLANG_WARN_CONSTANT_CONVERSION = YES;
				CLANG_WARN_DEPRECATED_OBJC_IMPLEMENTATIONS = YES;
				CLANG_WARN_DIRECT_OBJC_ISA_USAGE = YES_ERROR;
				CLANG_WARN_DOCUMENTATION_COMMENTS = YES;
				CLANG_WARN_EMPTY_BODY = YES;
				CLANG_WARN_ENUM_CONVERSION = YES;
				CLANG_WARN_INFINITE_RECURSION = YES;
				CLANG_WARN_INT_CONVERSION = YES;
				CLANG_WARN_NON_LITERAL_NULL_CONVERSION = YES;
				CLANG_WARN_OBJC_IMPLICIT_RETAIN_SELF = YES;
				CLANG_WARN_OBJC_LITERAL_CONVERSION = YES;
				CLANG_WARN_OBJC_ROOT_CLASS = YES_ERROR;
				CLANG_WARN_QUOTED_INCLUDE_IN_FRAMEWORK_HEADER = YES;
				CLANG_WARN_RANGE_LOOP_ANALYSIS = YES;
				CLANG_WARN_STRICT_PROTOTYPES = YES;
				CLANG_WARN_SUSPICIOUS_MOVE = YES;
				CLANG_WARN_UNGUARDED_AVAILABILITY = YES_AGGRESSIVE;
				CLANG_WARN_UNREACHABLE_CODE = YES;
				CLANG_WARN__DUPLICATE_METHOD_MATCH = YES;
				COPY_PHASE_STRIP = NO;
				DEBUG_INFORMATION_FORMAT = "dwarf-with-dsym";
				ENABLE_NS_ASSERTIONS = NO;
				ENABLE_STRICT_OBJC_MSGSEND = YES;
				GCC_C_LANGUAGE_STANDARD = gnu11;
				GCC_NO_COMMON_BLOCKS = YES;
				GCC_WARN_64_TO_32_BIT_CONVERSION = YES;
				GCC_WARN_ABOUT_RETURN_TYPE = YES_ERROR;
				GCC_WARN_UNDECLARED_SELECTOR = YES;
				GCC_WARN_UNINITIALIZED_AUTOS = YES_AGGRESSIVE;
				GCC_WARN_UNUSED_FUNCTION = YES;
				GCC_WARN_UNUSED_VARIABLE = YES;
				IPHONEOS_DEPLOYMENT_TARGET = 15.5;
				MTL_ENABLE_DEBUG_INFO = NO;
				MTL_FAST_MATH = YES;
				SDKROOT = iphoneos;
				SWIFT_COMPILATION_MODE = wholemodule;
				SWIFT_OPTIMIZATION_LEVEL = "-O";
				VALIDATE_PRODUCT = YES;
			};
			name = Release;
		};
		9B35728F299A5CD90009A366 /* Debug */ = {
			isa = XCBuildConfiguration;
			buildSettings = {
				ASSETCATALOG_COMPILER_APPICON_NAME = AppIcon;
				ASSETCATALOG_COMPILER_GLOBAL_ACCENT_COLOR_NAME = AccentColor;
				CODE_SIGN_STYLE = Automatic;
				CURRENT_PROJECT_VERSION = 1;
				GENERATE_INFOPLIST_FILE = YES;
				INFOPLIST_FILE = "Chapter04-SideBarDIY/Info.plist";
				INFOPLIST_KEY_UIApplicationSupportsIndirectInputEvents = YES;
				INFOPLIST_KEY_UILaunchStoryboardName = LaunchScreen;
				INFOPLIST_KEY_UIMainStoryboardFile = Main;
				INFOPLIST_KEY_UISupportedInterfaceOrientations_iPad = "UIInterfaceOrientationPortrait UIInterfaceOrientationPortraitUpsideDown UIInterfaceOrientationLandscapeLeft UIInterfaceOrientationLandscapeRight";
				INFOPLIST_KEY_UISupportedInterfaceOrientations_iPhone = "UIInterfaceOrientationPortrait UIInterfaceOrientationLandscapeLeft UIInterfaceOrientationLandscapeRight";
				LD_RUNPATH_SEARCH_PATHS = (
					"$(inherited)",
					"@executable_path/Frameworks",
				);
				MARKETING_VERSION = 1.0;
				PRODUCT_BUNDLE_IDENTIFIER = "dlwnsgurz.Chapter04-SideBarDIY";
				PRODUCT_NAME = "$(TARGET_NAME)";
				SWIFT_EMIT_LOC_STRINGS = YES;
				SWIFT_VERSION = 5.0;
				TARGETED_DEVICE_FAMILY = "1,2";
			};
			name = Debug;
		};
		9B357290299A5CD90009A366 /* Release */ = {
			isa = XCBuildConfiguration;
			buildSettings = {
				ASSETCATALOG_COMPILER_APPICON_NAME = AppIcon;
				ASSETCATALOG_COMPILER_GLOBAL_ACCENT_COLOR_NAME = AccentColor;
				CODE_SIGN_STYLE = Automatic;
				CURRENT_PROJECT_VERSION = 1;
				GENERATE_INFOPLIST_FILE = YES;
				INFOPLIST_FILE = "Chapter04-SideBarDIY/Info.plist";
				INFOPLIST_KEY_UIApplicationSupportsIndirectInputEvents = YES;
				INFOPLIST_KEY_UILaunchStoryboardName = LaunchScreen;
				INFOPLIST_KEY_UIMainStoryboardFile = Main;
				INFOPLIST_KEY_UISupportedInterfaceOrientations_iPad = "UIInterfaceOrientationPortrait UIInterfaceOrientationPortraitUpsideDown UIInterfaceOrientationLandscapeLeft UIInterfaceOrientationLandscapeRight";
				INFOPLIST_KEY_UISupportedInterfaceOrientations_iPhone = "UIInterfaceOrientationPortrait UIInterfaceOrientationLandscapeLeft UIInterfaceOrientationLandscapeRight";
				LD_RUNPATH_SEARCH_PATHS = (
					"$(inherited)",
					"@executable_path/Frameworks",
				);
				MARKETING_VERSION = 1.0;
				PRODUCT_BUNDLE_IDENTIFIER = "dlwnsgurz.Chapter04-SideBarDIY";
				PRODUCT_NAME = "$(TARGET_NAME)";
				SWIFT_EMIT_LOC_STRINGS = YES;
				SWIFT_VERSION = 5.0;
				TARGETED_DEVICE_FAMILY = "1,2";
			};
			name = Release;
		};
/* End XCBuildConfiguration section */

/* Begin XCConfigurationList section */
		9B357275299A5CD80009A366 /* Build configuration list for PBXProject "Chapter04-SideBarDIY" */ = {
			isa = XCConfigurationList;
			buildConfigurations = (
				9B35728C299A5CD90009A366 /* Debug */,
				9B35728D299A5CD90009A366 /* Release */,
			);
			defaultConfigurationIsVisible = 0;
			defaultConfigurationName = Release;
		};
		9B35728E299A5CD90009A366 /* Build configuration list for PBXNativeTarget "Chapter04-SideBarDIY" */ = {
			isa = XCConfigurationList;
			buildConfigurations = (
				9B35728F299A5CD90009A366 /* Debug */,
				9B357290299A5CD90009A366 /* Release */,
			);
			defaultConfigurationIsVisible = 0;
			defaultConfigurationName = Release;
		};
/* End XCConfigurationList section */
	};
	rootObject = 9B357272299A5CD80009A366 /* Project object */;
}
