// !$*UTF8*$!
{
	archiveVersion = 1;
	classes = {
	};
	objectVersion = 55;
	objects = {

/* Begin PBXBuildFile section */
		9B4E98A02994DE8B007EAA20 /* MemoListVC.swift in Sources */ = {isa = PBXBuildFile; fileRef = 9B4E989F2994DE8B007EAA20 /* MemoListVC.swift */; };
		9B4E98A22994DEA0007EAA20 /* MemoFormVC.swift in Sources */ = {isa = PBXBuildFile; fileRef = 9B4E98A12994DEA0007EAA20 /* MemoFormVC.swift */; };
		9B4E98A42994DEB3007EAA20 /* MemoReadVC.swift in Sources */ = {isa = PBXBuildFile; fileRef = 9B4E98A32994DEB3007EAA20 /* MemoReadVC.swift */; };
		9B4E98A62994DF18007EAA20 /* MemoCell.swift in Sources */ = {isa = PBXBuildFile; fileRef = 9B4E98A52994DF18007EAA20 /* MemoCell.swift */; };
		9B4E98A82994DF68007EAA20 /* MemoData.swift in Sources */ = {isa = PBXBuildFile; fileRef = 9B4E98A72994DF68007EAA20 /* MemoData.swift */; };
		9BCBDB912994D1A000AD8849 /* AppDelegate.swift in Sources */ = {isa = PBXBuildFile; fileRef = 9BCBDB902994D1A000AD8849 /* AppDelegate.swift */; };
		9BCBDB932994D1A000AD8849 /* SceneDelegate.swift in Sources */ = {isa = PBXBuildFile; fileRef = 9BCBDB922994D1A000AD8849 /* SceneDelegate.swift */; };
		9BCBDB982994D1A000AD8849 /* Main.storyboard in Resources */ = {isa = PBXBuildFile; fileRef = 9BCBDB962994D1A000AD8849 /* Main.storyboard */; };
		9BCBDB9B2994D1A000AD8849 /* MyMemory.xcdatamodeld in Sources */ = {isa = PBXBuildFile; fileRef = 9BCBDB992994D1A000AD8849 /* MyMemory.xcdatamodeld */; };
		9BCBDB9D2994D1A000AD8849 /* Assets.xcassets in Resources */ = {isa = PBXBuildFile; fileRef = 9BCBDB9C2994D1A000AD8849 /* Assets.xcassets */; };
		9BCBDBA02994D1A000AD8849 /* LaunchScreen.storyboard in Resources */ = {isa = PBXBuildFile; fileRef = 9BCBDB9E2994D1A000AD8849 /* LaunchScreen.storyboard */; };
/* End PBXBuildFile section */

/* Begin PBXFileReference section */
		9B4E989F2994DE8B007EAA20 /* MemoListVC.swift */ = {isa = PBXFileReference; lastKnownFileType = sourcecode.swift; path = MemoListVC.swift; sourceTree = "<group>"; };
		9B4E98A12994DEA0007EAA20 /* MemoFormVC.swift */ = {isa = PBXFileReference; lastKnownFileType = sourcecode.swift; path = MemoFormVC.swift; sourceTree = "<group>"; };
		9B4E98A32994DEB3007EAA20 /* MemoReadVC.swift */ = {isa = PBXFileReference; lastKnownFileType = sourcecode.swift; path = MemoReadVC.swift; sourceTree = "<group>"; };
		9B4E98A52994DF18007EAA20 /* MemoCell.swift */ = {isa = PBXFileReference; lastKnownFileType = sourcecode.swift; path = MemoCell.swift; sourceTree = "<group>"; };
		9B4E98A72994DF68007EAA20 /* MemoData.swift */ = {isa = PBXFileReference; lastKnownFileType = sourcecode.swift; path = MemoData.swift; sourceTree = "<group>"; };
		9BCBDB8D2994D1A000AD8849 /* MyMemory.app */ = {isa = PBXFileReference; explicitFileType = wrapper.application; includeInIndex = 0; path = MyMemory.app; sourceTree = BUILT_PRODUCTS_DIR; };
		9BCBDB902994D1A000AD8849 /* AppDelegate.swift */ = {isa = PBXFileReference; lastKnownFileType = sourcecode.swift; path = AppDelegate.swift; sourceTree = "<group>"; };
		9BCBDB922994D1A000AD8849 /* SceneDelegate.swift */ = {isa = PBXFileReference; lastKnownFileType = sourcecode.swift; path = SceneDelegate.swift; sourceTree = "<group>"; };
		9BCBDB972994D1A000AD8849 /* Base */ = {isa = PBXFileReference; lastKnownFileType = file.storyboard; name = Base; path = Base.lproj/Main.storyboard; sourceTree = "<group>"; };
		9BCBDB9A2994D1A000AD8849 /* MyMemory.xcdatamodel */ = {isa = PBXFileReference; lastKnownFileType = wrapper.xcdatamodel; path = MyMemory.xcdatamodel; sourceTree = "<group>"; };
		9BCBDB9C2994D1A000AD8849 /* Assets.xcassets */ = {isa = PBXFileReference; lastKnownFileType = folder.assetcatalog; path = Assets.xcassets; sourceTree = "<group>"; };
		9BCBDB9F2994D1A000AD8849 /* Base */ = {isa = PBXFileReference; lastKnownFileType = file.storyboard; name = Base; path = Base.lproj/LaunchScreen.storyboard; sourceTree = "<group>"; };
		9BCBDBA12994D1A000AD8849 /* Info.plist */ = {isa = PBXFileReference; lastKnownFileType = text.plist.xml; path = Info.plist; sourceTree = "<group>"; };
/* End PBXFileReference section */

/* Begin PBXFrameworksBuildPhase section */
		9BCBDB8A2994D1A000AD8849 /* Frameworks */ = {
			isa = PBXFrameworksBuildPhase;
			buildActionMask = 2147483647;
			files = (
			);
			runOnlyForDeploymentPostprocessing = 0;
		};
/* End PBXFrameworksBuildPhase section */

/* Begin PBXGroup section */
		9BCBDB842994D1A000AD8849 = {
			isa = PBXGroup;
			children = (
				9BCBDB8F2994D1A000AD8849 /* MyMemory */,
				9BCBDB8E2994D1A000AD8849 /* Products */,
			);
			sourceTree = "<group>";
		};
		9BCBDB8E2994D1A000AD8849 /* Products */ = {
			isa = PBXGroup;
			children = (
				9BCBDB8D2994D1A000AD8849 /* MyMemory.app */,
			);
			name = Products;
			sourceTree = "<group>";
		};
		9BCBDB8F2994D1A000AD8849 /* MyMemory */ = {
			isa = PBXGroup;
			children = (
				9BCBDB902994D1A000AD8849 /* AppDelegate.swift */,
				9BCBDB922994D1A000AD8849 /* SceneDelegate.swift */,
				9BCBDB962994D1A000AD8849 /* Main.storyboard */,
				9B4E98A52994DF18007EAA20 /* MemoCell.swift */,
				9B4E98A72994DF68007EAA20 /* MemoData.swift */,
				9B4E98A32994DEB3007EAA20 /* MemoReadVC.swift */,
				9B4E98A12994DEA0007EAA20 /* MemoFormVC.swift */,
				9B4E989F2994DE8B007EAA20 /* MemoListVC.swift */,
				9BCBDB9C2994D1A000AD8849 /* Assets.xcassets */,
				9BCBDB9E2994D1A000AD8849 /* LaunchScreen.storyboard */,
				9BCBDBA12994D1A000AD8849 /* Info.plist */,
				9BCBDB992994D1A000AD8849 /* MyMemory.xcdatamodeld */,
			);
			path = MyMemory;
			sourceTree = "<group>";
		};
/* End PBXGroup section */

/* Begin PBXNativeTarget section */
		9BCBDB8C2994D1A000AD8849 /* MyMemory */ = {
			isa = PBXNativeTarget;
			buildConfigurationList = 9BCBDBA42994D1A000AD8849 /* Build configuration list for PBXNativeTarget "MyMemory" */;
			buildPhases = (
				9BCBDB892994D1A000AD8849 /* Sources */,
				9BCBDB8A2994D1A000AD8849 /* Frameworks */,
				9BCBDB8B2994D1A000AD8849 /* Resources */,
			);
			buildRules = (
			);
			dependencies = (
			);
			name = MyMemory;
			productName = MyMemory;
			productReference = 9BCBDB8D2994D1A000AD8849 /* MyMemory.app */;
			productType = "com.apple.product-type.application";
		};
/* End PBXNativeTarget section */

/* Begin PBXProject section */
		9BCBDB852994D1A000AD8849 /* Project object */ = {
			isa = PBXProject;
			attributes = {
				BuildIndependentTargetsInParallel = 1;
				LastSwiftUpdateCheck = 1340;
				LastUpgradeCheck = 1340;
				TargetAttributes = {
					9BCBDB8C2994D1A000AD8849 = {
						CreatedOnToolsVersion = 13.4.1;
					};
				};
			};
			buildConfigurationList = 9BCBDB882994D1A000AD8849 /* Build configuration list for PBXProject "MyMemory" */;
			compatibilityVersion = "Xcode 13.0";
			developmentRegion = en;
			hasScannedForEncodings = 0;
			knownRegions = (
				en,
				Base,
			);
			mainGroup = 9BCBDB842994D1A000AD8849;
			productRefGroup = 9BCBDB8E2994D1A000AD8849 /* Products */;
			projectDirPath = "";
			projectRoot = "";
			targets = (
				9BCBDB8C2994D1A000AD8849 /* MyMemory */,
			);
		};
/* End PBXProject section */

/* Begin PBXResourcesBuildPhase section */
		9BCBDB8B2994D1A000AD8849 /* Resources */ = {
			isa = PBXResourcesBuildPhase;
			buildActionMask = 2147483647;
			files = (
				9BCBDBA02994D1A000AD8849 /* LaunchScreen.storyboard in Resources */,
				9BCBDB9D2994D1A000AD8849 /* Assets.xcassets in Resources */,
				9BCBDB982994D1A000AD8849 /* Main.storyboard in Resources */,
			);
			runOnlyForDeploymentPostprocessing = 0;
		};
/* End PBXResourcesBuildPhase section */

/* Begin PBXSourcesBuildPhase section */
		9BCBDB892994D1A000AD8849 /* Sources */ = {
			isa = PBXSourcesBuildPhase;
			buildActionMask = 2147483647;
			files = (
				9B4E98A62994DF18007EAA20 /* MemoCell.swift in Sources */,
				9B4E98A82994DF68007EAA20 /* MemoData.swift in Sources */,
				9BCBDB9B2994D1A000AD8849 /* MyMemory.xcdatamodeld in Sources */,
				9B4E98A22994DEA0007EAA20 /* MemoFormVC.swift in Sources */,
				9B4E98A42994DEB3007EAA20 /* MemoReadVC.swift in Sources */,
				9BCBDB912994D1A000AD8849 /* AppDelegate.swift in Sources */,
				9B4E98A02994DE8B007EAA20 /* MemoListVC.swift in Sources */,
				9BCBDB932994D1A000AD8849 /* SceneDelegate.swift in Sources */,
			);
			runOnlyForDeploymentPostprocessing = 0;
		};
/* End PBXSourcesBuildPhase section */

/* Begin PBXVariantGroup section */
		9BCBDB962994D1A000AD8849 /* Main.storyboard */ = {
			isa = PBXVariantGroup;
			children = (
				9BCBDB972994D1A000AD8849 /* Base */,
			);
			name = Main.storyboard;
			sourceTree = "<group>";
		};
		9BCBDB9E2994D1A000AD8849 /* LaunchScreen.storyboard */ = {
			isa = PBXVariantGroup;
			children = (
				9BCBDB9F2994D1A000AD8849 /* Base */,
			);
			name = LaunchScreen.storyboard;
			sourceTree = "<group>";
		};
/* End PBXVariantGroup section */

/* Begin XCBuildConfiguration section */
		9BCBDBA22994D1A000AD8849 /* Debug */ = {
			isa = XCBuildConfiguration;
			buildSettings = {
				ALWAYS_SEARCH_USER_PATHS = NO;
				CLANG_ANALYZER_NONNULL = YES;
				CLANG_ANALYZER_NUMBER_OBJECT_CONVERSION = YES_AGGRESSIVE;
				CLANG_CXX_LANGUAGE_STANDARD = "gnu++17";
				CLANG_ENABLE_MODULES = YES;
				CLANG_ENABLE_OBJC_ARC = YES;
				CLANG_ENABLE_OBJC_WEAK = YES;
				CLANG_WARN_BLOCK_CAPTURE_AUTORELEASING = YES;
				CLANG_WARN_BOOL_CONVERSION = YES;
				CLANG_WARN_COMMA = YES;
				CLANG_WARN_CONSTANT_CONVERSION = YES;
				CLANG_WARN_DEPRECATED_OBJC_IMPLEMENTATIONS = YES;
				CLANG_WARN_DIRECT_OBJC_ISA_USAGE = YES_ERROR;
				CLANG_WARN_DOCUMENTATION_COMMENTS = YES;
				CLANG_WARN_EMPTY_BODY = YES;
				CLANG_WARN_ENUM_CONVERSION = YES;
				CLANG_WARN_INFINITE_RECURSION = YES;
				CLANG_WARN_INT_CONVERSION = YES;
				CLANG_WARN_NON_LITERAL_NULL_CONVERSION = YES;
				CLANG_WARN_OBJC_IMPLICIT_RETAIN_SELF = YES;
				CLANG_WARN_OBJC_LITERAL_CONVERSION = YES;
				CLANG_WARN_OBJC_ROOT_CLASS = YES_ERROR;
				CLANG_WARN_QUOTED_INCLUDE_IN_FRAMEWORK_HEADER = YES;
				CLANG_WARN_RANGE_LOOP_ANALYSIS = YES;
				CLANG_WARN_STRICT_PROTOTYPES = YES;
				CLANG_WARN_SUSPICIOUS_MOVE = YES;
				CLANG_WARN_UNGUARDED_AVAILABILITY = YES_AGGRESSIVE;
				CLANG_WARN_UNREACHABLE_CODE = YES;
				CLANG_WARN__DUPLICATE_METHOD_MATCH = YES;
				COPY_PHASE_STRIP = NO;
				DEBUG_INFORMATION_FORMAT = dwarf;
				ENABLE_STRICT_OBJC_MSGSEND = YES;
				ENABLE_TESTABILITY = YES;
				GCC_C_LANGUAGE_STANDARD = gnu11;
				GCC_DYNAMIC_NO_PIC = NO;
				GCC_NO_COMMON_BLOCKS = YES;
				GCC_OPTIMIZATION_LEVEL = 0;
				GCC_PREPROCESSOR_DEFINITIONS = (
					"DEBUG=1",
					"$(inherited)",
				);
				GCC_WARN_64_TO_32_BIT_CONVERSION = YES;
				GCC_WARN_ABOUT_RETURN_TYPE = YES_ERROR;
				GCC_WARN_UNDECLARED_SELECTOR = YES;
				GCC_WARN_UNINITIALIZED_AUTOS = YES_AGGRESSIVE;
				GCC_WARN_UNUSED_FUNCTION = YES;
				GCC_WARN_UNUSED_VARIABLE = YES;
				IPHONEOS_DEPLOYMENT_TARGET = 15.5;
				MTL_ENABLE_DEBUG_INFO = INCLUDE_SOURCE;
				MTL_FAST_MATH = YES;
				ONLY_ACTIVE_ARCH = YES;
				SDKROOT = iphoneos;
				SWIFT_ACTIVE_COMPILATION_CONDITIONS = DEBUG;
				SWIFT_OPTIMIZATION_LEVEL = "-Onone";
			};
			name = Debug;
		};
		9BCBDBA32994D1A000AD8849 /* Release */ = {
			isa = XCBuildConfiguration;
			buildSettings = {
				ALWAYS_SEARCH_USER_PATHS = NO;
				CLANG_ANALYZER_NONNULL = YES;
				CLANG_ANALYZER_NUMBER_OBJECT_CONVERSION = YES_AGGRESSIVE;
				CLANG_CXX_LANGUAGE_STANDARD = "gnu++17";
				CLANG_ENABLE_MODULES = YES;
				CLANG_ENABLE_OBJC_ARC = YES;
				CLANG_ENABLE_OBJC_WEAK = YES;
				CLANG_WARN_BLOCK_CAPTURE_AUTORELEASING = YES;
				CLANG_WARN_BOOL_CONVERSION = YES;
				CLANG_WARN_COMMA = YES;
				CLANG_WARN_CONSTANT_CONVERSION = YES;
				CLANG_WARN_DEPRECATED_OBJC_IMPLEMENTATIONS = YES;
				CLANG_WARN_DIRECT_OBJC_ISA_USAGE = YES_ERROR;
				CLANG_WARN_DOCUMENTATION_COMMENTS = YES;
				CLANG_WARN_EMPTY_BODY = YES;
				CLANG_WARN_ENUM_CONVERSION = YES;
				CLANG_WARN_INFINITE_RECURSION = YES;
				CLANG_WARN_INT_CONVERSION = YES;
				CLANG_WARN_NON_LITERAL_NULL_CONVERSION = YES;
				CLANG_WARN_OBJC_IMPLICIT_RETAIN_SELF = YES;
				CLANG_WARN_OBJC_LITERAL_CONVERSION = YES;
				CLANG_WARN_OBJC_ROOT_CLASS = YES_ERROR;
				CLANG_WARN_QUOTED_INCLUDE_IN_FRAMEWORK_HEADER = YES;
				CLANG_WARN_RANGE_LOOP_ANALYSIS = YES;
				CLANG_WARN_STRICT_PROTOTYPES = YES;
				CLANG_WARN_SUSPICIOUS_MOVE = YES;
				CLANG_WARN_UNGUARDED_AVAILABILITY = YES_AGGRESSIVE;
				CLANG_WARN_UNREACHABLE_CODE = YES;
				CLANG_WARN__DUPLICATE_METHOD_MATCH = YES;
				COPY_PHASE_STRIP = NO;
				DEBUG_INFORMATION_FORMAT = "dwarf-with-dsym";
				ENABLE_NS_ASSERTIONS = NO;
				ENABLE_STRICT_OBJC_MSGSEND = YES;
				GCC_C_LANGUAGE_STANDARD = gnu11;
				GCC_NO_COMMON_BLOCKS = YES;
				GCC_WARN_64_TO_32_BIT_CONVERSION = YES;
				GCC_WARN_ABOUT_RETURN_TYPE = YES_ERROR;
				GCC_WARN_UNDECLARED_SELECTOR = YES;
				GCC_WARN_UNINITIALIZED_AUTOS = YES_AGGRESSIVE;
				GCC_WARN_UNUSED_FUNCTION = YES;
				GCC_WARN_UNUSED_VARIABLE = YES;
				IPHONEOS_DEPLOYMENT_TARGET = 15.5;
				MTL_ENABLE_DEBUG_INFO = NO;
				MTL_FAST_MATH = YES;
				SDKROOT = iphoneos;
				SWIFT_COMPILATION_MODE = wholemodule;
				SWIFT_OPTIMIZATION_LEVEL = "-O";
				VALIDATE_PRODUCT = YES;
			};
			name = Release;
		};
		9BCBDBA52994D1A000AD8849 /* Debug */ = {
			isa = XCBuildConfiguration;
			buildSettings = {
				ASSETCATALOG_COMPILER_APPICON_NAME = AppIcon;
				ASSETCATALOG_COMPILER_GLOBAL_ACCENT_COLOR_NAME = AccentColor;
				CODE_SIGN_STYLE = Automatic;
				CURRENT_PROJECT_VERSION = 1;
				GENERATE_INFOPLIST_FILE = YES;
				INFOPLIST_FILE = MyMemory/Info.plist;
				INFOPLIST_KEY_UIApplicationSupportsIndirectInputEvents = YES;
				INFOPLIST_KEY_UILaunchStoryboardName = LaunchScreen;
				INFOPLIST_KEY_UIMainStoryboardFile = Main;
				INFOPLIST_KEY_UISupportedInterfaceOrientations = UIInterfaceOrientationPortrait;
				INFOPLIST_KEY_UISupportedInterfaceOrientations_iPad = "UIInterfaceOrientationPortrait UIInterfaceOrientationPortraitUpsideDown UIInterfaceOrientationLandscapeLeft UIInterfaceOrientationLandscapeRight";
				INFOPLIST_KEY_UISupportedInterfaceOrientations_iPhone = "UIInterfaceOrientationPortrait UIInterfaceOrientationLandscapeLeft UIInterfaceOrientationLandscapeRight";
				LD_RUNPATH_SEARCH_PATHS = (
					"$(inherited)",
					"@executable_path/Frameworks",
				);
				MARKETING_VERSION = 1.0;
				PRODUCT_BUNDLE_IDENTIFIER = dlwnsgurz.MyMemory;
				PRODUCT_NAME = "$(TARGET_NAME)";
				SWIFT_EMIT_LOC_STRINGS = YES;
				SWIFT_VERSION = 5.0;
				TARGETED_DEVICE_FAMILY = "1,2";
			};
			name = Debug;
		};
		9BCBDBA62994D1A000AD8849 /* Release */ = {
			isa = XCBuildConfiguration;
			buildSettings = {
				ASSETCATALOG_COMPILER_APPICON_NAME = AppIcon;
				ASSETCATALOG_COMPILER_GLOBAL_ACCENT_COLOR_NAME = AccentColor;
				CODE_SIGN_STYLE = Automatic;
				CURRENT_PROJECT_VERSION = 1;
				GENERATE_INFOPLIST_FILE = YES;
				INFOPLIST_FILE = MyMemory/Info.plist;
				INFOPLIST_KEY_UIApplicationSupportsIndirectInputEvents = YES;
				INFOPLIST_KEY_UILaunchStoryboardName = LaunchScreen;
				INFOPLIST_KEY_UIMainStoryboardFile = Main;
				INFOPLIST_KEY_UISupportedInterfaceOrientations = UIInterfaceOrientationPortrait;
				INFOPLIST_KEY_UISupportedInterfaceOrientations_iPad = "UIInterfaceOrientationPortrait UIInterfaceOrientationPortraitUpsideDown UIInterfaceOrientationLandscapeLeft UIInterfaceOrientationLandscapeRight";
				INFOPLIST_KEY_UISupportedInterfaceOrientations_iPhone = "UIInterfaceOrientationPortrait UIInterfaceOrientationLandscapeLeft UIInterfaceOrientationLandscapeRight";
				LD_RUNPATH_SEARCH_PATHS = (
					"$(inherited)",
					"@executable_path/Frameworks",
				);
				MARKETING_VERSION = 1.0;
				PRODUCT_BUNDLE_IDENTIFIER = dlwnsgurz.MyMemory;
				PRODUCT_NAME = "$(TARGET_NAME)";
				SWIFT_EMIT_LOC_STRINGS = YES;
				SWIFT_VERSION = 5.0;
				TARGETED_DEVICE_FAMILY = "1,2";
			};
			name = Release;
		};
/* End XCBuildConfiguration section */

/* Begin XCConfigurationList section */
		9BCBDB882994D1A000AD8849 /* Build configuration list for PBXProject "MyMemory" */ = {
			isa = XCConfigurationList;
			buildConfigurations = (
				9BCBDBA22994D1A000AD8849 /* Debug */,
				9BCBDBA32994D1A000AD8849 /* Release */,
			);
			defaultConfigurationIsVisible = 0;
			defaultConfigurationName = Release;
		};
		9BCBDBA42994D1A000AD8849 /* Build configuration list for PBXNativeTarget "MyMemory" */ = {
			isa = XCConfigurationList;
			buildConfigurations = (
				9BCBDBA52994D1A000AD8849 /* Debug */,
				9BCBDBA62994D1A000AD8849 /* Release */,
			);
			defaultConfigurationIsVisible = 0;
			defaultConfigurationName = Release;
		};
/* End XCConfigurationList section */

/* Begin XCVersionGroup section */
		9BCBDB992994D1A000AD8849 /* MyMemory.xcdatamodeld */ = {
			isa = XCVersionGroup;
			children = (
				9BCBDB9A2994D1A000AD8849 /* MyMemory.xcdatamodel */,
			);
			currentVersion = 9BCBDB9A2994D1A000AD8849 /* MyMemory.xcdatamodel */;
			path = MyMemory.xcdatamodeld;
			sourceTree = "<group>";
			versionGroupType = wrapper.xcdatamodel;
		};
/* End XCVersionGroup section */
	};
	rootObject = 9BCBDB852994D1A000AD8849 /* Project object */;
}
