// !$*UTF8*$!
{
	archiveVersion = 1;
	classes = {
	};
	objectVersion = 56;
	objects = {

/* Begin PBXBuildFile section */
		9BFC5B502A7B892000BF3357 /* AppDelegate.swift in Sources */ = {isa = PBXBuildFile; fileRef = 9BFC5B4F2A7B892000BF3357 /* AppDelegate.swift */; };
		9BFC5B522A7B892000BF3357 /* SceneDelegate.swift in Sources */ = {isa = PBXBuildFile; fileRef = 9BFC5B512A7B892000BF3357 /* SceneDelegate.swift */; };
		9BFC5B542A7B892000BF3357 /* ConversationsViewController.swift in Sources */ = {isa = PBXBuildFile; fileRef = 9BFC5B532A7B892000BF3357 /* ConversationsViewController.swift */; };
		9BFC5B572A7B892000BF3357 /* Main.storyboard in Resources */ = {isa = PBXBuildFile; fileRef = 9BFC5B552A7B892000BF3357 /* Main.storyboard */; };
		9BFC5B592A7B892100BF3357 /* Assets.xcassets in Resources */ = {isa = PBXBuildFile; fileRef = 9BFC5B582A7B892100BF3357 /* Assets.xcassets */; };
		9BFC5B5C2A7B892100BF3357 /* LaunchScreen.storyboard in Resources */ = {isa = PBXBuildFile; fileRef = 9BFC5B5A2A7B892100BF3357 /* LaunchScreen.storyboard */; };
		9BFC5B652A7B89A600BF3357 /* MessageKit in Frameworks */ = {isa = PBXBuildFile; productRef = 9BFC5B642A7B89A600BF3357 /* MessageKit */; };
		9BFC5B6E2A7B900F00BF3357 /* LoginViewController.swift in Sources */ = {isa = PBXBuildFile; fileRef = 9BFC5B6D2A7B900F00BF3357 /* LoginViewController.swift */; };
		9BFC5B702A7B902100BF3357 /* RegisterViewController.swift in Sources */ = {isa = PBXBuildFile; fileRef = 9BFC5B6F2A7B902100BF3357 /* RegisterViewController.swift */; };
		9BFC5B722A7B905500BF3357 /* PhotoViewerViewController.swift in Sources */ = {isa = PBXBuildFile; fileRef = 9BFC5B712A7B905500BF3357 /* PhotoViewerViewController.swift */; };
		9BFC5B742A7B906100BF3357 /* VideoPlayerViewController.swift in Sources */ = {isa = PBXBuildFile; fileRef = 9BFC5B732A7B906100BF3357 /* VideoPlayerViewController.swift */; };
		9BFC5B762A7B90B100BF3357 /* NewConversationViewController.swift in Sources */ = {isa = PBXBuildFile; fileRef = 9BFC5B752A7B90B100BF3357 /* NewConversationViewController.swift */; };
		9BFC5B782A7B90D400BF3357 /* ProfileViewController.swift in Sources */ = {isa = PBXBuildFile; fileRef = 9BFC5B772A7B90D400BF3357 /* ProfileViewController.swift */; };
		9BFC5B7C2A7B9C0D00BF3357 /* extensions.swift in Sources */ = {isa = PBXBuildFile; fileRef = 9BFC5B7B2A7B9C0D00BF3357 /* extensions.swift */; };
/* End PBXBuildFile section */

/* Begin PBXFileReference section */
		9BFC5B4C2A7B892000BF3357 /* MessageKit_Practice.app */ = {isa = PBXFileReference; explicitFileType = wrapper.application; includeInIndex = 0; path = MessageKit_Practice.app; sourceTree = BUILT_PRODUCTS_DIR; };
		9BFC5B4F2A7B892000BF3357 /* AppDelegate.swift */ = {isa = PBXFileReference; lastKnownFileType = sourcecode.swift; path = AppDelegate.swift; sourceTree = "<group>"; };
		9BFC5B512A7B892000BF3357 /* SceneDelegate.swift */ = {isa = PBXFileReference; lastKnownFileType = sourcecode.swift; path = SceneDelegate.swift; sourceTree = "<group>"; };
		9BFC5B532A7B892000BF3357 /* ConversationsViewController.swift */ = {isa = PBXFileReference; lastKnownFileType = sourcecode.swift; path = ConversationsViewController.swift; sourceTree = "<group>"; };
		9BFC5B562A7B892000BF3357 /* Base */ = {isa = PBXFileReference; lastKnownFileType = file.storyboard; name = Base; path = Base.lproj/Main.storyboard; sourceTree = "<group>"; };
		9BFC5B582A7B892100BF3357 /* Assets.xcassets */ = {isa = PBXFileReference; lastKnownFileType = folder.assetcatalog; path = Assets.xcassets; sourceTree = "<group>"; };
		9BFC5B5B2A7B892100BF3357 /* Base */ = {isa = PBXFileReference; lastKnownFileType = file.storyboard; name = Base; path = Base.lproj/LaunchScreen.storyboard; sourceTree = "<group>"; };
		9BFC5B5D2A7B892100BF3357 /* Info.plist */ = {isa = PBXFileReference; lastKnownFileType = text.plist.xml; path = Info.plist; sourceTree = "<group>"; };
		9BFC5B6D2A7B900F00BF3357 /* LoginViewController.swift */ = {isa = PBXFileReference; lastKnownFileType = sourcecode.swift; path = LoginViewController.swift; sourceTree = "<group>"; };
		9BFC5B6F2A7B902100BF3357 /* RegisterViewController.swift */ = {isa = PBXFileReference; lastKnownFileType = sourcecode.swift; path = RegisterViewController.swift; sourceTree = "<group>"; };
		9BFC5B712A7B905500BF3357 /* PhotoViewerViewController.swift */ = {isa = PBXFileReference; lastKnownFileType = sourcecode.swift; path = PhotoViewerViewController.swift; sourceTree = "<group>"; };
		9BFC5B732A7B906100BF3357 /* VideoPlayerViewController.swift */ = {isa = PBXFileReference; lastKnownFileType = sourcecode.swift; path = VideoPlayerViewController.swift; sourceTree = "<group>"; };
		9BFC5B752A7B90B100BF3357 /* NewConversationViewController.swift */ = {isa = PBXFileReference; lastKnownFileType = sourcecode.swift; path = NewConversationViewController.swift; sourceTree = "<group>"; };
		9BFC5B772A7B90D400BF3357 /* ProfileViewController.swift */ = {isa = PBXFileReference; lastKnownFileType = sourcecode.swift; path = ProfileViewController.swift; sourceTree = "<group>"; };
		9BFC5B7B2A7B9C0D00BF3357 /* extensions.swift */ = {isa = PBXFileReference; lastKnownFileType = sourcecode.swift; path = extensions.swift; sourceTree = "<group>"; };
/* End PBXFileReference section */

/* Begin PBXFrameworksBuildPhase section */
		9BFC5B492A7B892000BF3357 /* Frameworks */ = {
			isa = PBXFrameworksBuildPhase;
			buildActionMask = 2147483647;
			files = (
				9BFC5B652A7B89A600BF3357 /* MessageKit in Frameworks */,
			);
			runOnlyForDeploymentPostprocessing = 0;
		};
/* End PBXFrameworksBuildPhase section */

/* Begin PBXGroup section */
		9BFC5B432A7B892000BF3357 = {
			isa = PBXGroup;
			children = (
				9BFC5B4E2A7B892000BF3357 /* MessageKit_Practice */,
				9BFC5B4D2A7B892000BF3357 /* Products */,
			);
			sourceTree = "<group>";
		};
		9BFC5B4D2A7B892000BF3357 /* Products */ = {
			isa = PBXGroup;
			children = (
				9BFC5B4C2A7B892000BF3357 /* MessageKit_Practice.app */,
			);
			name = Products;
			sourceTree = "<group>";
		};
		9BFC5B4E2A7B892000BF3357 /* MessageKit_Practice */ = {
			isa = PBXGroup;
			children = (
				9BFC5B6B2A7B8DB700BF3357 /* Resources */,
				9BFC5B6A2A7B8DB000BF3357 /* ViewModels */,
				9BFC5B692A7B8DA900BF3357 /* Models */,
				9BFC5B682A7B8D9C00BF3357 /* Views */,
				9BFC5B662A7B8D7800BF3357 /* Controllers */,
				9BFC5B5D2A7B892100BF3357 /* Info.plist */,
			);
			path = MessageKit_Practice;
			sourceTree = "<group>";
		};
		9BFC5B662A7B8D7800BF3357 /* Controllers */ = {
			isa = PBXGroup;
			children = (
				9BFC5B532A7B892000BF3357 /* ConversationsViewController.swift */,
				9BFC5B7A2A7B927700BF3357 /* Login */,
				9BFC5B712A7B905500BF3357 /* PhotoViewerViewController.swift */,
				9BFC5B732A7B906100BF3357 /* VideoPlayerViewController.swift */,
				9BFC5B752A7B90B100BF3357 /* NewConversationViewController.swift */,
				9BFC5B772A7B90D400BF3357 /* ProfileViewController.swift */,
			);
			path = Controllers;
			sourceTree = "<group>";
		};
		9BFC5B682A7B8D9C00BF3357 /* Views */ = {
			isa = PBXGroup;
			children = (
				9BFC5B582A7B892100BF3357 /* Assets.xcassets */,
				9BFC5B6C2A7B8E0400BF3357 /* StoryBoards */,
				9BFC5B552A7B892000BF3357 /* Main.storyboard */,
				9BFC5B5A2A7B892100BF3357 /* LaunchScreen.storyboard */,
			);
			path = Views;
			sourceTree = "<group>";
		};
		9BFC5B692A7B8DA900BF3357 /* Models */ = {
			isa = PBXGroup;
			children = (
			);
			path = Models;
			sourceTree = "<group>";
		};
		9BFC5B6A2A7B8DB000BF3357 /* ViewModels */ = {
			isa = PBXGroup;
			children = (
			);
			path = ViewModels;
			sourceTree = "<group>";
		};
		9BFC5B6B2A7B8DB700BF3357 /* Resources */ = {
			isa = PBXGroup;
			children = (
				9BFC5B4F2A7B892000BF3357 /* AppDelegate.swift */,
				9BFC5B512A7B892000BF3357 /* SceneDelegate.swift */,
				9BFC5B7B2A7B9C0D00BF3357 /* extensions.swift */,
			);
			path = Resources;
			sourceTree = "<group>";
		};
		9BFC5B6C2A7B8E0400BF3357 /* StoryBoards */ = {
			isa = PBXGroup;
			children = (
			);
			path = StoryBoards;
			sourceTree = "<group>";
		};
		9BFC5B7A2A7B927700BF3357 /* Login */ = {
			isa = PBXGroup;
			children = (
				9BFC5B6D2A7B900F00BF3357 /* LoginViewController.swift */,
				9BFC5B6F2A7B902100BF3357 /* RegisterViewController.swift */,
			);
			path = Login;
			sourceTree = "<group>";
		};
/* End PBXGroup section */

/* Begin PBXNativeTarget section */
		9BFC5B4B2A7B892000BF3357 /* MessageKit_Practice */ = {
			isa = PBXNativeTarget;
			buildConfigurationList = 9BFC5B602A7B892100BF3357 /* Build configuration list for PBXNativeTarget "MessageKit_Practice" */;
			buildPhases = (
				9BFC5B482A7B892000BF3357 /* Sources */,
				9BFC5B492A7B892000BF3357 /* Frameworks */,
				9BFC5B4A2A7B892000BF3357 /* Resources */,
			);
			buildRules = (
			);
			dependencies = (
			);
			name = MessageKit_Practice;
			packageProductDependencies = (
				9BFC5B642A7B89A600BF3357 /* MessageKit */,
			);
			productName = MessageKit_Practice;
			productReference = 9BFC5B4C2A7B892000BF3357 /* MessageKit_Practice.app */;
			productType = "com.apple.product-type.application";
		};
/* End PBXNativeTarget section */

/* Begin PBXProject section */
		9BFC5B442A7B892000BF3357 /* Project object */ = {
			isa = PBXProject;
			attributes = {
				BuildIndependentTargetsInParallel = 1;
				LastSwiftUpdateCheck = 1430;
				LastUpgradeCheck = 1430;
				TargetAttributes = {
					9BFC5B4B2A7B892000BF3357 = {
						CreatedOnToolsVersion = 14.3.1;
					};
				};
			};
			buildConfigurationList = 9BFC5B472A7B892000BF3357 /* Build configuration list for PBXProject "MessageKit_Practice" */;
			compatibilityVersion = "Xcode 14.0";
			developmentRegion = en;
			hasScannedForEncodings = 0;
			knownRegions = (
				en,
				Base,
			);
			mainGroup = 9BFC5B432A7B892000BF3357;
			packageReferences = (
				9BFC5B632A7B89A600BF3357 /* XCRemoteSwiftPackageReference "MessageKit" */,
			);
			productRefGroup = 9BFC5B4D2A7B892000BF3357 /* Products */;
			projectDirPath = "";
			projectRoot = "";
			targets = (
				9BFC5B4B2A7B892000BF3357 /* MessageKit_Practice */,
			);
		};
/* End PBXProject section */

/* Begin PBXResourcesBuildPhase section */
		9BFC5B4A2A7B892000BF3357 /* Resources */ = {
			isa = PBXResourcesBuildPhase;
			buildActionMask = 2147483647;
			files = (
				9BFC5B5C2A7B892100BF3357 /* LaunchScreen.storyboard in Resources */,
				9BFC5B592A7B892100BF3357 /* Assets.xcassets in Resources */,
				9BFC5B572A7B892000BF3357 /* Main.storyboard in Resources */,
			);
			runOnlyForDeploymentPostprocessing = 0;
		};
/* End PBXResourcesBuildPhase section */

/* Begin PBXSourcesBuildPhase section */
		9BFC5B482A7B892000BF3357 /* Sources */ = {
			isa = PBXSourcesBuildPhase;
			buildActionMask = 2147483647;
			files = (
				9BFC5B6E2A7B900F00BF3357 /* LoginViewController.swift in Sources */,
				9BFC5B742A7B906100BF3357 /* VideoPlayerViewController.swift in Sources */,
				9BFC5B762A7B90B100BF3357 /* NewConversationViewController.swift in Sources */,
				9BFC5B702A7B902100BF3357 /* RegisterViewController.swift in Sources */,
				9BFC5B542A7B892000BF3357 /* ConversationsViewController.swift in Sources */,
				9BFC5B7C2A7B9C0D00BF3357 /* extensions.swift in Sources */,
				9BFC5B502A7B892000BF3357 /* AppDelegate.swift in Sources */,
				9BFC5B782A7B90D400BF3357 /* ProfileViewController.swift in Sources */,
				9BFC5B522A7B892000BF3357 /* SceneDelegate.swift in Sources */,
				9BFC5B722A7B905500BF3357 /* PhotoViewerViewController.swift in Sources */,
			);
			runOnlyForDeploymentPostprocessing = 0;
		};
/* End PBXSourcesBuildPhase section */

/* Begin PBXVariantGroup section */
		9BFC5B552A7B892000BF3357 /* Main.storyboard */ = {
			isa = PBXVariantGroup;
			children = (
				9BFC5B562A7B892000BF3357 /* Base */,
			);
			name = Main.storyboard;
			sourceTree = "<group>";
		};
		9BFC5B5A2A7B892100BF3357 /* LaunchScreen.storyboard */ = {
			isa = PBXVariantGroup;
			children = (
				9BFC5B5B2A7B892100BF3357 /* Base */,
			);
			name = LaunchScreen.storyboard;
			sourceTree = "<group>";
		};
/* End PBXVariantGroup section */

/* Begin XCBuildConfiguration section */
		9BFC5B5E2A7B892100BF3357 /* Debug */ = {
			isa = XCBuildConfiguration;
			buildSettings = {
				ALWAYS_SEARCH_USER_PATHS = NO;
				CLANG_ANALYZER_NONNULL = YES;
				CLANG_ANALYZER_NUMBER_OBJECT_CONVERSION = YES_AGGRESSIVE;
				CLANG_CXX_LANGUAGE_STANDARD = "gnu++20";
				CLANG_ENABLE_MODULES = YES;
				CLANG_ENABLE_OBJC_ARC = YES;
				CLANG_ENABLE_OBJC_WEAK = YES;
				CLANG_WARN_BLOCK_CAPTURE_AUTORELEASING = YES;
				CLANG_WARN_BOOL_CONVERSION = YES;
				CLANG_WARN_COMMA = YES;
				CLANG_WARN_CONSTANT_CONVERSION = YES;
				CLANG_WARN_DEPRECATED_OBJC_IMPLEMENTATIONS = YES;
				CLANG_WARN_DIRECT_OBJC_ISA_USAGE = YES_ERROR;
				CLANG_WARN_DOCUMENTATION_COMMENTS = YES;
				CLANG_WARN_EMPTY_BODY = YES;
				CLANG_WARN_ENUM_CONVERSION = YES;
				CLANG_WARN_INFINITE_RECURSION = YES;
				CLANG_WARN_INT_CONVERSION = YES;
				CLANG_WARN_NON_LITERAL_NULL_CONVERSION = YES;
				CLANG_WARN_OBJC_IMPLICIT_RETAIN_SELF = YES;
				CLANG_WARN_OBJC_LITERAL_CONVERSION = YES;
				CLANG_WARN_OBJC_ROOT_CLASS = YES_ERROR;
				CLANG_WARN_QUOTED_INCLUDE_IN_FRAMEWORK_HEADER = YES;
				CLANG_WARN_RANGE_LOOP_ANALYSIS = YES;
				CLANG_WARN_STRICT_PROTOTYPES = YES;
				CLANG_WARN_SUSPICIOUS_MOVE = YES;
				CLANG_WARN_UNGUARDED_AVAILABILITY = YES_AGGRESSIVE;
				CLANG_WARN_UNREACHABLE_CODE = YES;
				CLANG_WARN__DUPLICATE_METHOD_MATCH = YES;
				COPY_PHASE_STRIP = NO;
				DEBUG_INFORMATION_FORMAT = dwarf;
				ENABLE_STRICT_OBJC_MSGSEND = YES;
				ENABLE_TESTABILITY = YES;
				GCC_C_LANGUAGE_STANDARD = gnu11;
				GCC_DYNAMIC_NO_PIC = NO;
				GCC_NO_COMMON_BLOCKS = YES;
				GCC_OPTIMIZATION_LEVEL = 0;
				GCC_PREPROCESSOR_DEFINITIONS = (
					"DEBUG=1",
					"$(inherited)",
				);
				GCC_WARN_64_TO_32_BIT_CONVERSION = YES;
				GCC_WARN_ABOUT_RETURN_TYPE = YES_ERROR;
				GCC_WARN_UNDECLARED_SELECTOR = YES;
				GCC_WARN_UNINITIALIZED_AUTOS = YES_AGGRESSIVE;
				GCC_WARN_UNUSED_FUNCTION = YES;
				GCC_WARN_UNUSED_VARIABLE = YES;
				IPHONEOS_DEPLOYMENT_TARGET = 16.4;
				MTL_ENABLE_DEBUG_INFO = INCLUDE_SOURCE;
				MTL_FAST_MATH = YES;
				ONLY_ACTIVE_ARCH = YES;
				SDKROOT = iphoneos;
				SWIFT_ACTIVE_COMPILATION_CONDITIONS = DEBUG;
				SWIFT_OPTIMIZATION_LEVEL = "-Onone";
			};
			name = Debug;
		};
		9BFC5B5F2A7B892100BF3357 /* Release */ = {
			isa = XCBuildConfiguration;
			buildSettings = {
				ALWAYS_SEARCH_USER_PATHS = NO;
				CLANG_ANALYZER_NONNULL = YES;
				CLANG_ANALYZER_NUMBER_OBJECT_CONVERSION = YES_AGGRESSIVE;
				CLANG_CXX_LANGUAGE_STANDARD = "gnu++20";
				CLANG_ENABLE_MODULES = YES;
				CLANG_ENABLE_OBJC_ARC = YES;
				CLANG_ENABLE_OBJC_WEAK = YES;
				CLANG_WARN_BLOCK_CAPTURE_AUTORELEASING = YES;
				CLANG_WARN_BOOL_CONVERSION = YES;
				CLANG_WARN_COMMA = YES;
				CLANG_WARN_CONSTANT_CONVERSION = YES;
				CLANG_WARN_DEPRECATED_OBJC_IMPLEMENTATIONS = YES;
				CLANG_WARN_DIRECT_OBJC_ISA_USAGE = YES_ERROR;
				CLANG_WARN_DOCUMENTATION_COMMENTS = YES;
				CLANG_WARN_EMPTY_BODY = YES;
				CLANG_WARN_ENUM_CONVERSION = YES;
				CLANG_WARN_INFINITE_RECURSION = YES;
				CLANG_WARN_INT_CONVERSION = YES;
				CLANG_WARN_NON_LITERAL_NULL_CONVERSION = YES;
				CLANG_WARN_OBJC_IMPLICIT_RETAIN_SELF = YES;
				CLANG_WARN_OBJC_LITERAL_CONVERSION = YES;
				CLANG_WARN_OBJC_ROOT_CLASS = YES_ERROR;
				CLANG_WARN_QUOTED_INCLUDE_IN_FRAMEWORK_HEADER = YES;
				CLANG_WARN_RANGE_LOOP_ANALYSIS = YES;
				CLANG_WARN_STRICT_PROTOTYPES = YES;
				CLANG_WARN_SUSPICIOUS_MOVE = YES;
				CLANG_WARN_UNGUARDED_AVAILABILITY = YES_AGGRESSIVE;
				CLANG_WARN_UNREACHABLE_CODE = YES;
				CLANG_WARN__DUPLICATE_METHOD_MATCH = YES;
				COPY_PHASE_STRIP = NO;
				DEBUG_INFORMATION_FORMAT = "dwarf-with-dsym";
				ENABLE_NS_ASSERTIONS = NO;
				ENABLE_STRICT_OBJC_MSGSEND = YES;
				GCC_C_LANGUAGE_STANDARD = gnu11;
				GCC_NO_COMMON_BLOCKS = YES;
				GCC_WARN_64_TO_32_BIT_CONVERSION = YES;
				GCC_WARN_ABOUT_RETURN_TYPE = YES_ERROR;
				GCC_WARN_UNDECLARED_SELECTOR = YES;
				GCC_WARN_UNINITIALIZED_AUTOS = YES_AGGRESSIVE;
				GCC_WARN_UNUSED_FUNCTION = YES;
				GCC_WARN_UNUSED_VARIABLE = YES;
				IPHONEOS_DEPLOYMENT_TARGET = 16.4;
				MTL_ENABLE_DEBUG_INFO = NO;
				MTL_FAST_MATH = YES;
				SDKROOT = iphoneos;
				SWIFT_COMPILATION_MODE = wholemodule;
				SWIFT_OPTIMIZATION_LEVEL = "-O";
				VALIDATE_PRODUCT = YES;
			};
			name = Release;
		};
		9BFC5B612A7B892100BF3357 /* Debug */ = {
			isa = XCBuildConfiguration;
			buildSettings = {
				ASSETCATALOG_COMPILER_APPICON_NAME = AppIcon;
				ASSETCATALOG_COMPILER_GLOBAL_ACCENT_COLOR_NAME = AccentColor;
				CODE_SIGN_STYLE = Automatic;
				CURRENT_PROJECT_VERSION = 1;
				DEVELOPMENT_TEAM = M5SX67S4MM;
				GENERATE_INFOPLIST_FILE = YES;
				INFOPLIST_FILE = MessageKit_Practice/Info.plist;
				INFOPLIST_KEY_UIApplicationSupportsIndirectInputEvents = YES;
				INFOPLIST_KEY_UILaunchStoryboardName = LaunchScreen;
				INFOPLIST_KEY_UIMainStoryboardFile = Main;
				INFOPLIST_KEY_UISupportedInterfaceOrientations = UIInterfaceOrientationPortrait;
				IPHONEOS_DEPLOYMENT_TARGET = 13.0;
				LD_RUNPATH_SEARCH_PATHS = (
					"$(inherited)",
					"@executable_path/Frameworks",
				);
				MARKETING_VERSION = 1.0;
				PRODUCT_BUNDLE_IDENTIFIER = "dlwnsgurz.MessageKit-Practice";
				PRODUCT_NAME = "$(TARGET_NAME)";
				SWIFT_EMIT_LOC_STRINGS = YES;
				SWIFT_VERSION = 5.0;
				TARGETED_DEVICE_FAMILY = "1,2";
			};
			name = Debug;
		};
		9BFC5B622A7B892100BF3357 /* Release */ = {
			isa = XCBuildConfiguration;
			buildSettings = {
				ASSETCATALOG_COMPILER_APPICON_NAME = AppIcon;
				ASSETCATALOG_COMPILER_GLOBAL_ACCENT_COLOR_NAME = AccentColor;
				CODE_SIGN_STYLE = Automatic;
				CURRENT_PROJECT_VERSION = 1;
				DEVELOPMENT_TEAM = M5SX67S4MM;
				GENERATE_INFOPLIST_FILE = YES;
				INFOPLIST_FILE = MessageKit_Practice/Info.plist;
				INFOPLIST_KEY_UIApplicationSupportsIndirectInputEvents = YES;
				INFOPLIST_KEY_UILaunchStoryboardName = LaunchScreen;
				INFOPLIST_KEY_UIMainStoryboardFile = Main;
				INFOPLIST_KEY_UISupportedInterfaceOrientations = UIInterfaceOrientationPortrait;
				IPHONEOS_DEPLOYMENT_TARGET = 13.0;
				LD_RUNPATH_SEARCH_PATHS = (
					"$(inherited)",
					"@executable_path/Frameworks",
				);
				MARKETING_VERSION = 1.0;
				PRODUCT_BUNDLE_IDENTIFIER = "dlwnsgurz.MessageKit-Practice";
				PRODUCT_NAME = "$(TARGET_NAME)";
				SWIFT_EMIT_LOC_STRINGS = YES;
				SWIFT_VERSION = 5.0;
				TARGETED_DEVICE_FAMILY = "1,2";
			};
			name = Release;
		};
/* End XCBuildConfiguration section */

/* Begin XCConfigurationList section */
		9BFC5B472A7B892000BF3357 /* Build configuration list for PBXProject "MessageKit_Practice" */ = {
			isa = XCConfigurationList;
			buildConfigurations = (
				9BFC5B5E2A7B892100BF3357 /* Debug */,
				9BFC5B5F2A7B892100BF3357 /* Release */,
			);
			defaultConfigurationIsVisible = 0;
			defaultConfigurationName = Release;
		};
		9BFC5B602A7B892100BF3357 /* Build configuration list for PBXNativeTarget "MessageKit_Practice" */ = {
			isa = XCConfigurationList;
			buildConfigurations = (
				9BFC5B612A7B892100BF3357 /* Debug */,
				9BFC5B622A7B892100BF3357 /* Release */,
			);
			defaultConfigurationIsVisible = 0;
			defaultConfigurationName = Release;
		};
/* End XCConfigurationList section */

/* Begin XCRemoteSwiftPackageReference section */
		9BFC5B632A7B89A600BF3357 /* XCRemoteSwiftPackageReference "MessageKit" */ = {
			isa = XCRemoteSwiftPackageReference;
			repositoryURL = "https://github.com/MessageKit/MessageKit";
			requirement = {
				kind = upToNextMajorVersion;
				minimumVersion = 4.0.0;
			};
		};
/* End XCRemoteSwiftPackageReference section */

/* Begin XCSwiftPackageProductDependency section */
		9BFC5B642A7B89A600BF3357 /* MessageKit */ = {
			isa = XCSwiftPackageProductDependency;
			package = 9BFC5B632A7B89A600BF3357 /* XCRemoteSwiftPackageReference "MessageKit" */;
			productName = MessageKit;
		};
/* End XCSwiftPackageProductDependency section */
	};
	rootObject = 9BFC5B442A7B892000BF3357 /* Project object */;
}
